// !$*UTF8*$!
{
	archiveVersion = 1;
	classes = {
	};
	objectVersion = 53;
	objects = {

/* Begin PBXBuildFile section */
		01FCFD5B1EFC27A700FB00C2 /* AppDelegate.swift in Sources */ = {isa = PBXBuildFile; fileRef = 01FCFD5A1EFC27A700FB00C2 /* AppDelegate.swift */; };
		01FCFD5D1EFC27A700FB00C2 /* ViewController.swift in Sources */ = {isa = PBXBuildFile; fileRef = 01FCFD5C1EFC27A700FB00C2 /* ViewController.swift */; };
		01FCFD601EFC27A700FB00C2 /* Main.storyboard in Resources */ = {isa = PBXBuildFile; fileRef = 01FCFD5E1EFC27A700FB00C2 /* Main.storyboard */; };
		01FCFD621EFC27A700FB00C2 /* Assets.xcassets in Resources */ = {isa = PBXBuildFile; fileRef = 01FCFD611EFC27A700FB00C2 /* Assets.xcassets */; };
		01FCFD651EFC27A700FB00C2 /* LaunchScreen.storyboard in Resources */ = {isa = PBXBuildFile; fileRef = 01FCFD631EFC27A700FB00C2 /* LaunchScreen.storyboard */; };
		01FCFD6D1EFC281400FB00C2 /* FontsTableViewController.swift in Sources */ = {isa = PBXBuildFile; fileRef = 01FCFD6C1EFC281400FB00C2 /* FontsTableViewController.swift */; };
/* End PBXBuildFile section */

/* Begin PBXFileReference section */
		01FCFD571EFC27A700FB00C2 /* Postcards From Paradise.app */ = {isa = PBXFileReference; explicitFileType = wrapper.application; includeInIndex = 0; path = "Postcards From Paradise.app"; sourceTree = BUILT_PRODUCTS_DIR; };
		01FCFD5A1EFC27A700FB00C2 /* AppDelegate.swift */ = {isa = PBXFileReference; lastKnownFileType = sourcecode.swift; path = AppDelegate.swift; sourceTree = "<group>"; };
		01FCFD5C1EFC27A700FB00C2 /* ViewController.swift */ = {isa = PBXFileReference; lastKnownFileType = sourcecode.swift; path = ViewController.swift; sourceTree = "<group>"; };
		01FCFD5F1EFC27A700FB00C2 /* Base */ = {isa = PBXFileReference; lastKnownFileType = file.storyboard; name = Base; path = Base.lproj/Main.storyboard; sourceTree = "<group>"; };
		01FCFD611EFC27A700FB00C2 /* Assets.xcassets */ = {isa = PBXFileReference; lastKnownFileType = folder.assetcatalog; path = Assets.xcassets; sourceTree = "<group>"; };
		01FCFD641EFC27A700FB00C2 /* Base */ = {isa = PBXFileReference; lastKnownFileType = file.storyboard; name = Base; path = Base.lproj/LaunchScreen.storyboard; sourceTree = "<group>"; };
		01FCFD661EFC27A700FB00C2 /* Info.plist */ = {isa = PBXFileReference; lastKnownFileType = text.plist.xml; path = Info.plist; sourceTree = "<group>"; };
		01FCFD6C1EFC281400FB00C2 /* FontsTableViewController.swift */ = {isa = PBXFileReference; lastKnownFileType = sourcecode.swift; path = FontsTableViewController.swift; sourceTree = "<group>"; };
/* End PBXFileReference section */

/* Begin PBXFrameworksBuildPhase section */
		01FCFD541EFC27A700FB00C2 /* Frameworks */ = {
			isa = PBXFrameworksBuildPhase;
			buildActionMask = 2147483647;
			files = (
			);
			runOnlyForDeploymentPostprocessing = 0;
		};
/* End PBXFrameworksBuildPhase section */

/* Begin PBXGroup section */
		01FCFD4E1EFC27A700FB00C2 = {
			isa = PBXGroup;
			children = (
				01FCFD591EFC27A700FB00C2 /* Postcards From Paradise */,
				01FCFD581EFC27A700FB00C2 /* Products */,
			);
			sourceTree = "<group>";
		};
		01FCFD581EFC27A700FB00C2 /* Products */ = {
			isa = PBXGroup;
			children = (
				01FCFD571EFC27A700FB00C2 /* Postcards From Paradise.app */,
			);
			name = Products;
			sourceTree = "<group>";
		};
		01FCFD591EFC27A700FB00C2 /* Postcards From Paradise */ = {
			isa = PBXGroup;
			children = (
				01FCFD5A1EFC27A700FB00C2 /* AppDelegate.swift */,
				01FCFD6E1EFE64F100FB00C2 /* Controllers */,
				01FCFD5E1EFC27A700FB00C2 /* Main.storyboard */,
				01FCFD611EFC27A700FB00C2 /* Assets.xcassets */,
				01FCFD631EFC27A700FB00C2 /* LaunchScreen.storyboard */,
				01FCFD661EFC27A700FB00C2 /* Info.plist */,
			);
			path = "Postcards From Paradise";
			sourceTree = "<group>";
		};
		01FCFD6E1EFE64F100FB00C2 /* Controllers */ = {
			isa = PBXGroup;
			children = (
				01FCFD5C1EFC27A700FB00C2 /* ViewController.swift */,
				01FCFD6C1EFC281400FB00C2 /* FontsTableViewController.swift */,
			);
			path = Controllers;
			sourceTree = "<group>";
		};
/* End PBXGroup section */

/* Begin PBXNativeTarget section */
		01FCFD561EFC27A700FB00C2 /* Postcards From Paradise */ = {
			isa = PBXNativeTarget;
			buildConfigurationList = 01FCFD691EFC27A700FB00C2 /* Build configuration list for PBXNativeTarget "Postcards From Paradise" */;
			buildPhases = (
				01FCFD531EFC27A700FB00C2 /* Sources */,
				01FCFD541EFC27A700FB00C2 /* Frameworks */,
				01FCFD551EFC27A700FB00C2 /* Resources */,
			);
			buildRules = (
			);
			dependencies = (
			);
			name = "Postcards From Paradise";
			productName = "Postcards From Paradise";
			productReference = 01FCFD571EFC27A700FB00C2 /* Postcards From Paradise.app */;
			productType = "com.apple.product-type.application";
		};
/* End PBXNativeTarget section */

/* Begin PBXProject section */
		01FCFD4F1EFC27A700FB00C2 /* Project object */ = {
			isa = PBXProject;
			attributes = {
				BuildIndependentTargetsInParallel = YES;
				LastSwiftUpdateCheck = 0900;
				LastUpgradeCheck = 1430;
				ORGANIZATIONNAME = Frogames;
				TargetAttributes = {
					01FCFD561EFC27A700FB00C2 = {
						CreatedOnToolsVersion = 9.0;
						LastSwiftMigration = "";
					};
				};
			};
			buildConfigurationList = 01FCFD521EFC27A700FB00C2 /* Build configuration list for PBXProject "Postcards From Paradise" */;
			compatibilityVersion = "Xcode 8.0";
			developmentRegion = en;
			hasScannedForEncodings = 0;
			knownRegions = (
				en,
				Base,
			);
			mainGroup = 01FCFD4E1EFC27A700FB00C2;
			productRefGroup = 01FCFD581EFC27A700FB00C2 /* Products */;
			projectDirPath = "";
			projectRoot = "";
			targets = (
				01FCFD561EFC27A700FB00C2 /* Postcards From Paradise */,
			);
		};
/* End PBXProject section */

/* Begin PBXResourcesBuildPhase section */
		01FCFD551EFC27A700FB00C2 /* Resources */ = {
			isa = PBXResourcesBuildPhase;
			buildActionMask = 2147483647;
			files = (
				01FCFD651EFC27A700FB00C2 /* LaunchScreen.storyboard in Resources */,
				01FCFD621EFC27A700FB00C2 /* Assets.xcassets in Resources */,
				01FCFD601EFC27A700FB00C2 /* Main.storyboard in Resources */,
			);
			runOnlyForDeploymentPostprocessing = 0;
		};
/* End PBXResourcesBuildPhase section */

/* Begin PBXSourcesBuildPhase section */
		01FCFD531EFC27A700FB00C2 /* Sources */ = {
			isa = PBXSourcesBuildPhase;
			buildActionMask = 2147483647;
			files = (
				01FCFD5D1EFC27A700FB00C2 /* ViewController.swift in Sources */,
				01FCFD6D1EFC281400FB00C2 /* FontsTableViewController.swift in Sources */,
				01FCFD5B1EFC27A700FB00C2 /* AppDelegate.swift in Sources */,
			);
			runOnlyForDeploymentPostprocessing = 0;
		};
/* End PBXSourcesBuildPhase section */

/* Begin PBXVariantGroup section */
		01FCFD5E1EFC27A700FB00C2 /* Main.storyboard */ = {
			isa = PBXVariantGroup;
			children = (
				01FCFD5F1EFC27A700FB00C2 /* Base */,
			);
			name = Main.storyboard;
			sourceTree = "<group>";
		};
		01FCFD631EFC27A700FB00C2 /* LaunchScreen.storyboard */ = {
			isa = PBXVariantGroup;
			children = (
				01FCFD641EFC27A700FB00C2 /* Base */,
			);
			name = LaunchScreen.storyboard;
			sourceTree = "<group>";
		};
/* End PBXVariantGroup section */

/* Begin XCBuildConfiguration section */
		01FCFD671EFC27A700FB00C2 /* Debug */ = {
			isa = XCBuildConfiguration;
			buildSettings = {
				ALWAYS_SEARCH_USER_PATHS = NO;
				CLANG_ANALYZER_NONNULL = YES;
				CLANG_ANALYZER_NUMBER_OBJECT_CONVERSION = YES_AGGRESSIVE;
				CLANG_CXX_LANGUAGE_STANDARD = "gnu++14";
				CLANG_CXX_LIBRARY = "libc++";
				CLANG_ENABLE_MODULES = YES;
				CLANG_ENABLE_OBJC_ARC = YES;
				CLANG_WARN_BLOCK_CAPTURE_AUTORELEASING = YES;
				CLANG_WARN_BOOL_CONVERSION = YES;
				CLANG_WARN_COMMA = YES;
				CLANG_WARN_CONSTANT_CONVERSION = YES;
				CLANG_WARN_DEPRECATED_OBJC_IMPLEMENTATIONS = YES;
				CLANG_WARN_DIRECT_OBJC_ISA_USAGE = YES_ERROR;
				CLANG_WARN_DOCUMENTATION_COMMENTS = YES;
				CLANG_WARN_EMPTY_BODY = YES;
				CLANG_WARN_ENUM_CONVERSION = YES;
				CLANG_WARN_INFINITE_RECURSION = YES;
				CLANG_WARN_INT_CONVERSION = YES;
				CLANG_WARN_NON_LITERAL_NULL_CONVERSION = YES;
				CLANG_WARN_OBJC_IMPLICIT_RETAIN_SELF = YES;
				CLANG_WARN_OBJC_LITERAL_CONVERSION = YES;
				CLANG_WARN_OBJC_ROOT_CLASS = YES_ERROR;
				CLANG_WARN_QUOTED_INCLUDE_IN_FRAMEWORK_HEADER = YES;
				CLANG_WARN_RANGE_LOOP_ANALYSIS = YES;
				CLANG_WARN_STRICT_PROTOTYPES = YES;
				CLANG_WARN_SUSPICIOUS_MOVE = YES;
				CLANG_WARN_UNGUARDED_AVAILABILITY = YES_AGGRESSIVE;
				CLANG_WARN_UNREACHABLE_CODE = YES;
				CLANG_WARN__DUPLICATE_METHOD_MATCH = YES;
				CODE_SIGN_IDENTITY = "iPhone Developer";
				COPY_PHASE_STRIP = NO;
				DEBUG_INFORMATION_FORMAT = dwarf;
				ENABLE_STRICT_OBJC_MSGSEND = YES;
				ENABLE_TESTABILITY = YES;
				GCC_C_LANGUAGE_STANDARD = gnu11;
				GCC_DYNAMIC_NO_PIC = NO;
				GCC_NO_COMMON_BLOCKS = YES;
				GCC_OPTIMIZATION_LEVEL = 0;
				GCC_PREPROCESSOR_DEFINITIONS = (
					"DEBUG=1",
					"$(inherited)",
				);
				GCC_WARN_64_TO_32_BIT_CONVERSION = YES;
				GCC_WARN_ABOUT_RETURN_TYPE = YES_ERROR;
				GCC_WARN_UNDECLARED_SELECTOR = YES;
				GCC_WARN_UNINITIALIZED_AUTOS = YES_AGGRESSIVE;
				GCC_WARN_UNUSED_FUNCTION = YES;
				GCC_WARN_UNUSED_VARIABLE = YES;
				IPHONEOS_DEPLOYMENT_TARGET = 16.4;
				MTL_ENABLE_DEBUG_INFO = YES;
				ONLY_ACTIVE_ARCH = YES;
				SDKROOT = iphoneos;
				SWIFT_ACTIVE_COMPILATION_CONDITIONS = DEBUG;
				SWIFT_OPTIMIZATION_LEVEL = "-Onone";
			};
			name = Debug;
		};
		01FCFD681EFC27A700FB00C2 /* Release */ = {
			isa = XCBuildConfiguration;
			buildSettings = {
				ALWAYS_SEARCH_USER_PATHS = NO;
				CLANG_ANALYZER_NONNULL = YES;
				CLANG_ANALYZER_NUMBER_OBJECT_CONVERSION = YES_AGGRESSIVE;
				CLANG_CXX_LANGUAGE_STANDARD = "gnu++14";
				CLANG_CXX_LIBRARY = "libc++";
				CLANG_ENABLE_MODULES = YES;
				CLANG_ENABLE_OBJC_ARC = YES;
				CLANG_WARN_BLOCK_CAPTURE_AUTORELEASING = YES;
				CLANG_WARN_BOOL_CONVERSION = YES;
				CLANG_WARN_COMMA = YES;
				CLANG_WARN_CONSTANT_CONVERSION = YES;
				CLANG_WARN_DEPRECATED_OBJC_IMPLEMENTATIONS = YES;
				CLANG_WARN_DIRECT_OBJC_ISA_USAGE = YES_ERROR;
				CLANG_WARN_DOCUMENTATION_COMMENTS = YES;
				CLANG_WARN_EMPTY_BODY = YES;
				CLANG_WARN_ENUM_CONVERSION = YES;
				CLANG_WARN_INFINITE_RECURSION = YES;
				CLANG_WARN_INT_CONVERSION = YES;
				CLANG_WARN_NON_LITERAL_NULL_CONVERSION = YES;
				CLANG_WARN_OBJC_IMPLICIT_RETAIN_SELF = YES;
				CLANG_WARN_OBJC_LITERAL_CONVERSION = YES;
				CLANG_WARN_OBJC_ROOT_CLASS = YES_ERROR;
				CLANG_WARN_QUOTED_INCLUDE_IN_FRAMEWORK_HEADER = YES;
				CLANG_WARN_RANGE_LOOP_ANALYSIS = YES;
				CLANG_WARN_STRICT_PROTOTYPES = YES;
				CLANG_WARN_SUSPICIOUS_MOVE = YES;
				CLANG_WARN_UNGUARDED_AVAILABILITY = YES_AGGRESSIVE;
				CLANG_WARN_UNREACHABLE_CODE = YES;
				CLANG_WARN__DUPLICATE_METHOD_MATCH = YES;
				CODE_SIGN_IDENTITY = "iPhone Developer";
				COPY_PHASE_STRIP = NO;
				DEBUG_INFORMATION_FORMAT = "dwarf-with-dsym";
				ENABLE_NS_ASSERTIONS = NO;
				ENABLE_STRICT_OBJC_MSGSEND = YES;
				GCC_C_LANGUAGE_STANDARD = gnu11;
				GCC_NO_COMMON_BLOCKS = YES;
				GCC_WARN_64_TO_32_BIT_CONVERSION = YES;
				GCC_WARN_ABOUT_RETURN_TYPE = YES_ERROR;
				GCC_WARN_UNDECLARED_SELECTOR = YES;
				GCC_WARN_UNINITIALIZED_AUTOS = YES_AGGRESSIVE;
				GCC_WARN_UNUSED_FUNCTION = YES;
				GCC_WARN_UNUSED_VARIABLE = YES;
				IPHONEOS_DEPLOYMENT_TARGET = 16.4;
				MTL_ENABLE_DEBUG_INFO = NO;
				SDKROOT = iphoneos;
				SWIFT_COMPILATION_MODE = wholemodule;
				SWIFT_OPTIMIZATION_LEVEL = "-O";
				VALIDATE_PRODUCT = YES;
			};
			name = Release;
		};
		01FCFD6A1EFC27A700FB00C2 /* Debug */ = {
			isa = XCBuildConfiguration;
			buildSettings = {
				ASSETCATALOG_COMPILER_APPICON_NAME = AppIcon;
				DEVELOPMENT_TEAM = LV4V48ATK9;
				INFOPLIST_FILE = "Postcards From Paradise/Info.plist";
				IPHONEOS_DEPLOYMENT_TARGET = 16.4;
				LD_RUNPATH_SEARCH_PATHS = (
					"$(inherited)",
					"@executable_path/Frameworks",
				);
				PRODUCT_BUNDLE_IDENTIFIER = "com.juangabriel.Postcards-From-Paradise";
				PRODUCT_NAME = "$(TARGET_NAME)";
				SWIFT_VERSION = 5.0;
				TARGETED_DEVICE_FAMILY = "1,2";
			};
			name = Debug;
		};
		01FCFD6B1EFC27A700FB00C2 /* Release */ = {
			isa = XCBuildConfiguration;
			buildSettings = {
				ASSETCATALOG_COMPILER_APPICON_NAME = AppIcon;
				DEVELOPMENT_TEAM = LV4V48ATK9;
				INFOPLIST_FILE = "Postcards From Paradise/Info.plist";
				IPHONEOS_DEPLOYMENT_TARGET = 16.4;
				LD_RUNPATH_SEARCH_PATHS = (
					"$(inherited)",
					"@executable_path/Frameworks",
				);
				PRODUCT_BUNDLE_IDENTIFIER = "com.juangabriel.Postcards-From-Paradise";
				PRODUCT_NAME = "$(TARGET_NAME)";
				SWIFT_VERSION = 5.0;
				TARGETED_DEVICE_FAMILY = "1,2";
			};
			name = Release;
		};
/* End XCBuildConfiguration section */

/* Begin XCConfigurationList section */
		01FCFD521EFC27A700FB00C2 /* Build configuration list for PBXProject "Postcards From Paradise" */ = {
			isa = XCConfigurationList;
			buildConfigurations = (
				01FCFD671EFC27A700FB00C2 /* Debug */,
				01FCFD681EFC27A700FB00C2 /* Release */,
			);
			defaultConfigurationIsVisible = 0;
			defaultConfigurationName = Release;
		};
		01FCFD691EFC27A700FB00C2 /* Build configuration list for PBXNativeTarget "Postcards From Paradise" */ = {
			isa = XCConfigurationList;
			buildConfigurations = (
				01FCFD6A1EFC27A700FB00C2 /* Debug */,
				01FCFD6B1EFC27A700FB00C2 /* Release */,
			);
			defaultConfigurationIsVisible = 0;
			defaultConfigurationName = Release;
		};
/* End XCConfigurationList section */
	};
	rootObject = 01FCFD4F1EFC27A700FB00C2 /* Project object */;
}
